
Microsoft Visual Studio Solution File, Format Version 12.00
# Visual Studio 15
VisualStudioVersion = 15.0.28010.2046
MinimumVisualStudioVersion = 10.0.40219.1
Project("{FAE04EC0-301F-11D3-BF4B-00C04F79EFBC}") = "ToDo.Web", "ToDo.Web\ToDo.Web.csproj", "{EC085C93-A8B7-4256-BD4A-0FFC5431FC08}"
EndProject
Project("{2150E333-8FDC-42A3-9474-1A3956D46DE8}") = "Core", "Core", "{185FA26B-E681-4D11-A49D-85509836BB22}"
EndProject
Project("{2150E333-8FDC-42A3-9474-1A3956D46DE8}") = "Domain", "Domain", "{FC2AEE76-D205-4B1E-B6DF-C6AA1F87D040}"
EndProject
Project("{2150E333-8FDC-42A3-9474-1A3956D46DE8}") = "Presentation", "Presentation", "{2BC5E9EC-4519-4B81-9E06-693EAAFE240F}"
EndProject
Project("{FAE04EC0-301F-11D3-BF4B-00C04F79EFBC}") = "ToDo.Core", "ToDo.Core\ToDo.Core.csproj", "{5BB2AD2B-C6A0-4EB8-84CE-FE1D5B6EB414}"
EndProject
Project("{FAE04EC0-301F-11D3-BF4B-00C04F79EFBC}") = "ToDo.Core.Data", "ToDo.Core.Data\ToDo.Core.Data.csproj", "{5C095BED-C282-405F-859B-341A8C717B1A}"
EndProject
Project("{FAE04EC0-301F-11D3-BF4B-00C04F79EFBC}") = "ToDo.Core.Entity", "ToDo.Core.Entity\ToDo.Core.Entity.csproj", "{F1111261-48DB-427D-89F6-69A0F8BE4F92}"
EndProject
Project("{FAE04EC0-301F-11D3-BF4B-00C04F79EFBC}") = "ToDo.Core.Ioc", "ToDo.Core.Ioc\ToDo.Core.Ioc.csproj", "{11DA957E-C42B-4A36-8D38-718A47B40293}"
EndProject
Project("{FAE04EC0-301F-11D3-BF4B-00C04F79EFBC}") = "ToDo.Dto", "ToDo.Dto\ToDo.Dto.csproj", "{C00D2F79-E790-47C3-B70E-4076D6FD1C44}"
EndProject
Project("{FAE04EC0-301F-11D3-BF4B-00C04F79EFBC}") = "ToDo.Mapping", "ToDo.Mapping\ToDo.Mapping.csproj", "{5A334733-C06F-4D0A-8951-B4231FF35334}"
EndProject
Global
	GlobalSection(SolutionConfigurationPlatforms) = preSolution
		Debug|Any CPU = Debug|Any CPU
		Release|Any CPU = Release|Any CPU
	EndGlobalSection
	GlobalSection(ProjectConfigurationPlatforms) = postSolution
		{EC085C93-A8B7-4256-BD4A-0FFC5431FC08}.Debug|Any CPU.ActiveCfg = Debug|Any CPU
		{EC085C93-A8B7-4256-BD4A-0FFC5431FC08}.Debug|Any CPU.Build.0 = Debug|Any CPU
		{EC085C93-A8B7-4256-BD4A-0FFC5431FC08}.Release|Any CPU.ActiveCfg = Release|Any CPU
		{EC085C93-A8B7-4256-BD4A-0FFC5431FC08}.Release|Any CPU.Build.0 = Release|Any CPU
		{5BB2AD2B-C6A0-4EB8-84CE-FE1D5B6EB414}.Debug|Any CPU.ActiveCfg = Debug|Any CPU
		{5BB2AD2B-C6A0-4EB8-84CE-FE1D5B6EB414}.Debug|Any CPU.Build.0 = Debug|Any CPU
		{5BB2AD2B-C6A0-4EB8-84CE-FE1D5B6EB414}.Release|Any CPU.ActiveCfg = Release|Any CPU
		{5BB2AD2B-C6A0-4EB8-84CE-FE1D5B6EB414}.Release|Any CPU.Build.0 = Release|Any CPU
		{5C095BED-C282-405F-859B-341A8C717B1A}.Debug|Any CPU.ActiveCfg = Debug|Any CPU
		{5C095BED-C282-405F-859B-341A8C717B1A}.Debug|Any CPU.Build.0 = Debug|Any CPU
		{5C095BED-C282-405F-859B-341A8C717B1A}.Release|Any CPU.ActiveCfg = Release|Any CPU
		{5C095BED-C282-405F-859B-341A8C717B1A}.Release|Any CPU.Build.0 = Release|Any CPU
		{F1111261-48DB-427D-89F6-69A0F8BE4F92}.Debug|Any CPU.ActiveCfg = Debug|Any CPU
		{F1111261-48DB-427D-89F6-69A0F8BE4F92}.Debug|Any CPU.Build.0 = Debug|Any CPU
		{F1111261-48DB-427D-89F6-69A0F8BE4F92}.Release|Any CPU.ActiveCfg = Release|Any CPU
		{F1111261-48DB-427D-89F6-69A0F8BE4F92}.Release|Any CPU.Build.0 = Release|Any CPU
		{11DA957E-C42B-4A36-8D38-718A47B40293}.Debug|Any CPU.ActiveCfg = Debug|Any CPU
		{11DA957E-C42B-4A36-8D38-718A47B40293}.Debug|Any CPU.Build.0 = Debug|Any CPU
		{11DA957E-C42B-4A36-8D38-718A47B40293}.Release|Any CPU.ActiveCfg = Release|Any CPU
		{11DA957E-C42B-4A36-8D38-718A47B40293}.Release|Any CPU.Build.0 = Release|Any CPU
		{C00D2F79-E790-47C3-B70E-4076D6FD1C44}.Debug|Any CPU.ActiveCfg = Debug|Any CPU
		{C00D2F79-E790-47C3-B70E-4076D6FD1C44}.Debug|Any CPU.Build.0 = Debug|Any CPU
		{C00D2F79-E790-47C3-B70E-4076D6FD1C44}.Release|Any CPU.ActiveCfg = Release|Any CPU
		{C00D2F79-E790-47C3-B70E-4076D6FD1C44}.Release|Any CPU.Build.0 = Release|Any CPU
		{5A334733-C06F-4D0A-8951-B4231FF35334}.Debug|Any CPU.ActiveCfg = Debug|Any CPU
		{5A334733-C06F-4D0A-8951-B4231FF35334}.Debug|Any CPU.Build.0 = Debug|Any CPU
		{5A334733-C06F-4D0A-8951-B4231FF35334}.Release|Any CPU.ActiveCfg = Release|Any CPU
		{5A334733-C06F-4D0A-8951-B4231FF35334}.Release|Any CPU.Build.0 = Release|Any CPU
	EndGlobalSection
	GlobalSection(SolutionProperties) = preSolution
		HideSolutionNode = FALSE
	EndGlobalSection
	GlobalSection(NestedProjects) = preSolution
		{EC085C93-A8B7-4256-BD4A-0FFC5431FC08} = {2BC5E9EC-4519-4B81-9E06-693EAAFE240F}
		{5BB2AD2B-C6A0-4EB8-84CE-FE1D5B6EB414} = {185FA26B-E681-4D11-A49D-85509836BB22}
		{5C095BED-C282-405F-859B-341A8C717B1A} = {185FA26B-E681-4D11-A49D-85509836BB22}
		{F1111261-48DB-427D-89F6-69A0F8BE4F92} = {185FA26B-E681-4D11-A49D-85509836BB22}
		{11DA957E-C42B-4A36-8D38-718A47B40293} = {185FA26B-E681-4D11-A49D-85509836BB22}
		{C00D2F79-E790-47C3-B70E-4076D6FD1C44} = {FC2AEE76-D205-4B1E-B6DF-C6AA1F87D040}
		{5A334733-C06F-4D0A-8951-B4231FF35334} = {FC2AEE76-D205-4B1E-B6DF-C6AA1F87D040}
	EndGlobalSection
	GlobalSection(ExtensibilityGlobals) = postSolution
		SolutionGuid = {1DFEA6BE-5A73-49C9-BEA3-BDEAA6C33EE3}
	EndGlobalSection
EndGlobal
